// !$*UTF8*$!
{
	archiveVersion = 1;
	classes = {
	};
	objectVersion = 46;
	objects = {

/* Begin PBXBuildFile section */
		A56695F01CE8B34B00BD7EAF /* AppDelegate.swift in Sources */ = {isa = PBXBuildFile; fileRef = A56695EF1CE8B34B00BD7EAF /* AppDelegate.swift */; };
		A56695F21CE8B34B00BD7EAF /* ViewController.swift in Sources */ = {isa = PBXBuildFile; fileRef = A56695F11CE8B34B00BD7EAF /* ViewController.swift */; };
		A56695F71CE8B34B00BD7EAF /* Assets.xcassets in Resources */ = {isa = PBXBuildFile; fileRef = A56695F61CE8B34B00BD7EAF /* Assets.xcassets */; };
		A56695FA1CE8B34B00BD7EAF /* LaunchScreen.storyboard in Resources */ = {isa = PBXBuildFile; fileRef = A56695F81CE8B34B00BD7EAF /* LaunchScreen.storyboard */; };
		A566961E1CE8B4A100BD7EAF /* SessionHandler.swift in Sources */ = {isa = PBXBuildFile; fileRef = A566961D1CE8B4A100BD7EAF /* SessionHandler.swift */; };
		A5A1B2D21CEA317B00626AC5 /* DlibWrapper.mm in Sources */ = {isa = PBXBuildFile; fileRef = A5A1B2D11CEA317B00626AC5 /* DlibWrapper.mm */; };
		A5A1B2D41CEA35B300626AC5 /* libdlib.a in Frameworks */ = {isa = PBXBuildFile; fileRef = A5A1B2D31CEA35B300626AC5 /* libdlib.a */; };
		A5A1B2D61CEA41E200626AC5 /* Accelerate.framework in Frameworks */ = {isa = PBXBuildFile; fileRef = A5A1B2D51CEA41E200626AC5 /* Accelerate.framework */; };
		A5A1B2D81CEA431600626AC5 /* shape_predictor_68_face_landmarks.dat in Resources */ = {isa = PBXBuildFile; fileRef = A5A1B2D71CEA431600626AC5 /* shape_predictor_68_face_landmarks.dat */; };
		F614CDD41DAFFDAA0061F7FA /* enum.swift in Sources */ = {isa = PBXBuildFile; fileRef = F614CDD31DAFFDAA0061F7FA /* enum.swift */; };
		F6339D921D590573006C4231 /* GameScene.swift in Sources */ = {isa = PBXBuildFile; fileRef = F6339D911D590573006C4231 /* GameScene.swift */; };
		F6339D941D590587006C4231 /* Helper.swift in Sources */ = {isa = PBXBuildFile; fileRef = F6339D931D590587006C4231 /* Helper.swift */; };
		F6339DA71D5905C5006C4231 /* explosion.sks in Resources */ = {isa = PBXBuildFile; fileRef = F6339D9B1D5905C5006C4231 /* explosion.sks */; };
		F6339DAD1D5905C5006C4231 /* Starfield.sks in Resources */ = {isa = PBXBuildFile; fileRef = F6339DA11D5905C5006C4231 /* Starfield.sks */; };
		F6339DB21D590FCD006C4231 /* Notes in Resources */ = {isa = PBXBuildFile; fileRef = F6339DB11D590FCD006C4231 /* Notes */; };
		F64C2F391DADCFA7006E1021 /* opencv2.framework in Frameworks */ = {isa = PBXBuildFile; fileRef = F64C2F381DADCFA7006E1021 /* opencv2.framework */; };
		F66290F81DA9C4CF0030C11C /* head_pose_estimation.cpp in Sources */ = {isa = PBXBuildFile; fileRef = F66290F71DA9C4CF0030C11C /* head_pose_estimation.cpp */; };
		F6B90FC81D6270FE00EC0338 /* GameManager.swift in Sources */ = {isa = PBXBuildFile; fileRef = F6B90FC71D6270FE00EC0338 /* GameManager.swift */; };
/* End PBXBuildFile section */

/* Begin PBXFileReference section */
		A56695EC1CE8B34B00BD7EAF /* GameFace.app */ = {isa = PBXFileReference; explicitFileType = wrapper.application; includeInIndex = 0; path = GameFace.app; sourceTree = BUILT_PRODUCTS_DIR; };
		A56695EF1CE8B34B00BD7EAF /* AppDelegate.swift */ = {isa = PBXFileReference; lastKnownFileType = sourcecode.swift; path = AppDelegate.swift; sourceTree = "<group>"; };
		A56695F11CE8B34B00BD7EAF /* ViewController.swift */ = {isa = PBXFileReference; lastKnownFileType = sourcecode.swift; path = ViewController.swift; sourceTree = "<group>"; };
		A56695F61CE8B34B00BD7EAF /* Assets.xcassets */ = {isa = PBXFileReference; lastKnownFileType = folder.assetcatalog; path = Assets.xcassets; sourceTree = "<group>"; };
		A56695F91CE8B34B00BD7EAF /* Base */ = {isa = PBXFileReference; lastKnownFileType = file.storyboard; name = Base; path = Base.lproj/LaunchScreen.storyboard; sourceTree = "<group>"; };
		A56695FB1CE8B34B00BD7EAF /* Info.plist */ = {isa = PBXFileReference; lastKnownFileType = text.plist.xml; path = Info.plist; sourceTree = "<group>"; };
		A566961D1CE8B4A100BD7EAF /* SessionHandler.swift */ = {isa = PBXFileReference; fileEncoding = 4; lastKnownFileType = sourcecode.swift; path = SessionHandler.swift; sourceTree = "<group>"; };
		A5A1B2CF1CEA317B00626AC5 /* gameface-Bridging-Header.h */ = {isa = PBXFileReference; lastKnownFileType = sourcecode.c.h; path = "gameface-Bridging-Header.h"; sourceTree = "<group>"; };
		A5A1B2D01CEA317B00626AC5 /* DlibWrapper.h */ = {isa = PBXFileReference; fileEncoding = 4; lastKnownFileType = sourcecode.c.h; path = DlibWrapper.h; sourceTree = "<group>"; };
		A5A1B2D11CEA317B00626AC5 /* DlibWrapper.mm */ = {isa = PBXFileReference; fileEncoding = 4; lastKnownFileType = sourcecode.cpp.objcpp; path = DlibWrapper.mm; sourceTree = "<group>"; };
		A5A1B2D31CEA35B300626AC5 /* libdlib.a */ = {isa = PBXFileReference; lastKnownFileType = archive.ar; name = libdlib.a; path = lib/libdlib.a; sourceTree = "<group>"; };
		A5A1B2D51CEA41E200626AC5 /* Accelerate.framework */ = {isa = PBXFileReference; lastKnownFileType = wrapper.framework; name = Accelerate.framework; path = System/Library/Frameworks/Accelerate.framework; sourceTree = SDKROOT; };
		A5A1B2D71CEA431600626AC5 /* shape_predictor_68_face_landmarks.dat */ = {isa = PBXFileReference; lastKnownFileType = file; name = shape_predictor_68_face_landmarks.dat; path = lib/shape_predictor_68_face_landmarks.dat; sourceTree = "<group>"; };
		F614CDD31DAFFDAA0061F7FA /* enum.swift */ = {isa = PBXFileReference; fileEncoding = 4; lastKnownFileType = sourcecode.swift; path = enum.swift; sourceTree = "<group>"; };
		F6339D911D590573006C4231 /* GameScene.swift */ = {isa = PBXFileReference; fileEncoding = 4; lastKnownFileType = sourcecode.swift; path = GameScene.swift; sourceTree = "<group>"; };
		F6339D931D590587006C4231 /* Helper.swift */ = {isa = PBXFileReference; fileEncoding = 4; lastKnownFileType = sourcecode.swift; path = Helper.swift; sourceTree = "<group>"; };
		F6339D9B1D5905C5006C4231 /* explosion.sks */ = {isa = PBXFileReference; lastKnownFileType = file.sks; path = explosion.sks; sourceTree = "<group>"; };
		F6339DA11D5905C5006C4231 /* Starfield.sks */ = {isa = PBXFileReference; lastKnownFileType = file.sks; path = Starfield.sks; sourceTree = "<group>"; };
		F6339DB11D590FCD006C4231 /* Notes */ = {isa = PBXFileReference; fileEncoding = 4; lastKnownFileType = text; path = Notes; sourceTree = "<group>"; };
		F6339DB41D5914EE006C4231 /* DlibWrapperDelegate.h */ = {isa = PBXFileReference; lastKnownFileType = sourcecode.c.h; path = DlibWrapperDelegate.h; sourceTree = "<group>"; };
		F64C2F381DADCFA7006E1021 /* opencv2.framework */ = {isa = PBXFileReference; lastKnownFileType = wrapper.framework; path = opencv2.framework; sourceTree = "<group>"; };
		F66290F61DA9C4CF0030C11C /* head_pose_estimation.hpp */ = {isa = PBXFileReference; fileEncoding = 4; lastKnownFileType = sourcecode.cpp.h; path = head_pose_estimation.hpp; sourceTree = "<group>"; };
		F66290F71DA9C4CF0030C11C /* head_pose_estimation.cpp */ = {isa = PBXFileReference; fileEncoding = 4; lastKnownFileType = sourcecode.cpp.cpp; path = head_pose_estimation.cpp; sourceTree = "<group>"; };
		F6B90FC71D6270FE00EC0338 /* GameManager.swift */ = {isa = PBXFileReference; fileEncoding = 4; lastKnownFileType = sourcecode.swift; path = GameManager.swift; sourceTree = "<group>"; };
/* End PBXFileReference section */

/* Begin PBXFrameworksBuildPhase section */
		A56695E91CE8B34B00BD7EAF /* Frameworks */ = {
			isa = PBXFrameworksBuildPhase;
			buildActionMask = 2147483647;
			files = (
				F64C2F391DADCFA7006E1021 /* opencv2.framework in Frameworks */,
				A5A1B2D61CEA41E200626AC5 /* Accelerate.framework in Frameworks */,
				A5A1B2D41CEA35B300626AC5 /* libdlib.a in Frameworks */,
			);
			runOnlyForDeploymentPostprocessing = 0;
		};
/* End PBXFrameworksBuildPhase section */

/* Begin PBXGroup section */
		A56695E31CE8B34B00BD7EAF = {
			isa = PBXGroup;
			children = (
				A56695EE1CE8B34B00BD7EAF /* GameFace */,
				A56695ED1CE8B34B00BD7EAF /* Products */,
			);
			sourceTree = "<group>";
		};
		A56695ED1CE8B34B00BD7EAF /* Products */ = {
			isa = PBXGroup;
			children = (
				A56695EC1CE8B34B00BD7EAF /* GameFace.app */,
			);
			name = Products;
			sourceTree = "<group>";
		};
		A56695EE1CE8B34B00BD7EAF /* GameFace */ = {
			isa = PBXGroup;
			children = (
				F6339DB31D5914C8006C4231 /* facialRec */,
				A56695EF1CE8B34B00BD7EAF /* AppDelegate.swift */,
				F614CDD31DAFFDAA0061F7FA /* enum.swift */,
				A56695F11CE8B34B00BD7EAF /* ViewController.swift */,
				A566961D1CE8B4A100BD7EAF /* SessionHandler.swift */,
				F6339D951D5905A0006C4231 /* Game Code */,
				A56695F61CE8B34B00BD7EAF /* Assets.xcassets */,
				A56695F81CE8B34B00BD7EAF /* LaunchScreen.storyboard */,
				F6339DB11D590FCD006C4231 /* Notes */,
				A56695FB1CE8B34B00BD7EAF /* Info.plist */,
				A5A1B2CF1CEA317B00626AC5 /* gameface-Bridging-Header.h */,
				F6339DB01D5905CE006C4231 /* Content */,
			);
			path = GameFace;
			sourceTree = "<group>";
		};
		F6339D951D5905A0006C4231 /* Game Code */ = {
			isa = PBXGroup;
			children = (
				F6B90FC71D6270FE00EC0338 /* GameManager.swift */,
				F6339D911D590573006C4231 /* GameScene.swift */,
				F6339D931D590587006C4231 /* Helper.swift */,
			);
			name = "Game Code";
			sourceTree = "<group>";
		};
		F6339DB01D5905CE006C4231 /* Content */ = {
			isa = PBXGroup;
			children = (
				F6339D9B1D5905C5006C4231 /* explosion.sks */,
				F6339DA11D5905C5006C4231 /* Starfield.sks */,
			);
			name = Content;
			sourceTree = "<group>";
		};
		F6339DB31D5914C8006C4231 /* facialRec */ = {
			isa = PBXGroup;
			children = (
				A5A1B2D71CEA431600626AC5 /* shape_predictor_68_face_landmarks.dat */,
				A5A1B2D51CEA41E200626AC5 /* Accelerate.framework */,
				A5A1B2D31CEA35B300626AC5 /* libdlib.a */,
				A5A1B2D01CEA317B00626AC5 /* DlibWrapper.h */,
				F64C2F381DADCFA7006E1021 /* opencv2.framework */,
				A5A1B2D11CEA317B00626AC5 /* DlibWrapper.mm */,
				F6339DB41D5914EE006C4231 /* DlibWrapperDelegate.h */,
				F66290F61DA9C4CF0030C11C /* head_pose_estimation.hpp */,
				F66290F71DA9C4CF0030C11C /* head_pose_estimation.cpp */,
			);
			name = facialRec;
			sourceTree = "<group>";
		};
/* End PBXGroup section */

/* Begin PBXNativeTarget section */
		A56695EB1CE8B34B00BD7EAF /* GameFace */ = {
			isa = PBXNativeTarget;
			buildConfigurationList = A56696141CE8B34B00BD7EAF /* Build configuration list for PBXNativeTarget "GameFace" */;
			buildPhases = (
				A56695E81CE8B34B00BD7EAF /* Sources */,
				A56695E91CE8B34B00BD7EAF /* Frameworks */,
				A56695EA1CE8B34B00BD7EAF /* Resources */,
			);
			buildRules = (
			);
			dependencies = (
			);
			name = GameFace;
			productName = DisplayLiveSamples;
			productReference = A56695EC1CE8B34B00BD7EAF /* GameFace.app */;
			productType = "com.apple.product-type.application";
		};
/* End PBXNativeTarget section */

/* Begin PBXProject section */
		A56695E41CE8B34B00BD7EAF /* Project object */ = {
			isa = PBXProject;
			attributes = {
				LastSwiftUpdateCheck = 0730;
				LastUpgradeCheck = 0800;
				ORGANIZATIONNAME = "Stanley Chiang";
				TargetAttributes = {
					A56695EB1CE8B34B00BD7EAF = {
						CreatedOnToolsVersion = 7.3.1;
						DevelopmentTeam = 4C8V97R8N3;
						ProvisioningStyle = Automatic;
					};
				};
			};
			buildConfigurationList = A56695E71CE8B34B00BD7EAF /* Build configuration list for PBXProject "GameFace" */;
			compatibilityVersion = "Xcode 3.2";
			developmentRegion = English;
			hasScannedForEncodings = 0;
			knownRegions = (
				en,
				Base,
			);
			mainGroup = A56695E31CE8B34B00BD7EAF;
			productRefGroup = A56695ED1CE8B34B00BD7EAF /* Products */;
			projectDirPath = "";
			projectRoot = "";
			targets = (
				A56695EB1CE8B34B00BD7EAF /* GameFace */,
			);
		};
/* End PBXProject section */

/* Begin PBXResourcesBuildPhase section */
		A56695EA1CE8B34B00BD7EAF /* Resources */ = {
			isa = PBXResourcesBuildPhase;
			buildActionMask = 2147483647;
			files = (
				F6339DAD1D5905C5006C4231 /* Starfield.sks in Resources */,
				F6339DB21D590FCD006C4231 /* Notes in Resources */,
				A56695FA1CE8B34B00BD7EAF /* LaunchScreen.storyboard in Resources */,
				F6339DA71D5905C5006C4231 /* explosion.sks in Resources */,
				A56695F71CE8B34B00BD7EAF /* Assets.xcassets in Resources */,
				A5A1B2D81CEA431600626AC5 /* shape_predictor_68_face_landmarks.dat in Resources */,
			);
			runOnlyForDeploymentPostprocessing = 0;
		};
/* End PBXResourcesBuildPhase section */

/* Begin PBXSourcesBuildPhase section */
		A56695E81CE8B34B00BD7EAF /* Sources */ = {
			isa = PBXSourcesBuildPhase;
			buildActionMask = 2147483647;
			files = (
				F6339D921D590573006C4231 /* GameScene.swift in Sources */,
				A5A1B2D21CEA317B00626AC5 /* DlibWrapper.mm in Sources */,
				A56695F21CE8B34B00BD7EAF /* ViewController.swift in Sources */,
				F6B90FC81D6270FE00EC0338 /* GameManager.swift in Sources */,
				A566961E1CE8B4A100BD7EAF /* SessionHandler.swift in Sources */,
				F614CDD41DAFFDAA0061F7FA /* enum.swift in Sources */,
				F66290F81DA9C4CF0030C11C /* head_pose_estimation.cpp in Sources */,
				A56695F01CE8B34B00BD7EAF /* AppDelegate.swift in Sources */,
				F6339D941D590587006C4231 /* Helper.swift in Sources */,
			);
			runOnlyForDeploymentPostprocessing = 0;
		};
/* End PBXSourcesBuildPhase section */

/* Begin PBXVariantGroup section */
		A56695F81CE8B34B00BD7EAF /* LaunchScreen.storyboard */ = {
			isa = PBXVariantGroup;
			children = (
				A56695F91CE8B34B00BD7EAF /* Base */,
			);
			name = LaunchScreen.storyboard;
			sourceTree = "<group>";
		};
/* End PBXVariantGroup section */

/* Begin XCBuildConfiguration section */
		A56696121CE8B34B00BD7EAF /* Debug */ = {
			isa = XCBuildConfiguration;
			buildSettings = {
				ALWAYS_SEARCH_USER_PATHS = NO;
				CLANG_ANALYZER_NONNULL = YES;
				CLANG_CXX_LANGUAGE_STANDARD = "gnu++0x";
				CLANG_CXX_LIBRARY = "libc++";
				CLANG_ENABLE_MODULES = YES;
				CLANG_ENABLE_OBJC_ARC = YES;
				CLANG_WARN_BOOL_CONVERSION = YES;
				CLANG_WARN_CONSTANT_CONVERSION = YES;
				CLANG_WARN_DIRECT_OBJC_ISA_USAGE = YES_ERROR;
				CLANG_WARN_EMPTY_BODY = YES;
				CLANG_WARN_ENUM_CONVERSION = YES;
				CLANG_WARN_INFINITE_RECURSION = YES;
				CLANG_WARN_INT_CONVERSION = YES;
				CLANG_WARN_OBJC_ROOT_CLASS = YES_ERROR;
				CLANG_WARN_SUSPICIOUS_MOVE = YES;
				CLANG_WARN_UNREACHABLE_CODE = YES;
				CLANG_WARN__DUPLICATE_METHOD_MATCH = YES;
				"CODE_SIGN_IDENTITY[sdk=iphoneos*]" = "iPhone Developer";
				COPY_PHASE_STRIP = NO;
				DEBUG_INFORMATION_FORMAT = dwarf;
				ENABLE_STRICT_OBJC_MSGSEND = YES;
				ENABLE_TESTABILITY = YES;
				GCC_C_LANGUAGE_STANDARD = gnu99;
				GCC_DYNAMIC_NO_PIC = NO;
				GCC_NO_COMMON_BLOCKS = YES;
				GCC_OPTIMIZATION_LEVEL = 0;
				GCC_PREPROCESSOR_DEFINITIONS = (
					"DEBUG=1",
					"$(inherited)",
				);
				GCC_WARN_64_TO_32_BIT_CONVERSION = YES;
				GCC_WARN_ABOUT_RETURN_TYPE = YES_ERROR;
				GCC_WARN_UNDECLARED_SELECTOR = YES;
				GCC_WARN_UNINITIALIZED_AUTOS = YES_AGGRESSIVE;
				GCC_WARN_UNUSED_FUNCTION = YES;
				GCC_WARN_UNUSED_VARIABLE = YES;
				IPHONEOS_DEPLOYMENT_TARGET = 9.3;
				MTL_ENABLE_DEBUG_INFO = YES;
				ONLY_ACTIVE_ARCH = YES;
				SDKROOT = iphoneos;
				SWIFT_OPTIMIZATION_LEVEL = "-Onone";
				TARGETED_DEVICE_FAMILY = "1,2";
			};
			name = Debug;
		};
		A56696131CE8B34B00BD7EAF /* Release */ = {
			isa = XCBuildConfiguration;
			buildSettings = {
				ALWAYS_SEARCH_USER_PATHS = NO;
				CLANG_ANALYZER_NONNULL = YES;
				CLANG_CXX_LANGUAGE_STANDARD = "gnu++0x";
				CLANG_CXX_LIBRARY = "libc++";
				CLANG_ENABLE_MODULES = YES;
				CLANG_ENABLE_OBJC_ARC = YES;
				CLANG_WARN_BOOL_CONVERSION = YES;
				CLANG_WARN_CONSTANT_CONVERSION = YES;
				CLANG_WARN_DIRECT_OBJC_ISA_USAGE = YES_ERROR;
				CLANG_WARN_EMPTY_BODY = YES;
				CLANG_WARN_ENUM_CONVERSION = YES;
				CLANG_WARN_INFINITE_RECURSION = YES;
				CLANG_WARN_INT_CONVERSION = YES;
				CLANG_WARN_OBJC_ROOT_CLASS = YES_ERROR;
				CLANG_WARN_SUSPICIOUS_MOVE = YES;
				CLANG_WARN_UNREACHABLE_CODE = YES;
				CLANG_WARN__DUPLICATE_METHOD_MATCH = YES;
				"CODE_SIGN_IDENTITY[sdk=iphoneos*]" = "iPhone Developer";
				COPY_PHASE_STRIP = NO;
				DEBUG_INFORMATION_FORMAT = "dwarf-with-dsym";
				ENABLE_NS_ASSERTIONS = NO;
				ENABLE_STRICT_OBJC_MSGSEND = YES;
				GCC_C_LANGUAGE_STANDARD = gnu99;
				GCC_NO_COMMON_BLOCKS = YES;
				GCC_WARN_64_TO_32_BIT_CONVERSION = YES;
				GCC_WARN_ABOUT_RETURN_TYPE = YES_ERROR;
				GCC_WARN_UNDECLARED_SELECTOR = YES;
				GCC_WARN_UNINITIALIZED_AUTOS = YES_AGGRESSIVE;
				GCC_WARN_UNUSED_FUNCTION = YES;
				GCC_WARN_UNUSED_VARIABLE = YES;
				IPHONEOS_DEPLOYMENT_TARGET = 9.3;
				MTL_ENABLE_DEBUG_INFO = NO;
				SDKROOT = iphoneos;
				SWIFT_OPTIMIZATION_LEVEL = "-Owholemodule";
				TARGETED_DEVICE_FAMILY = "1,2";
				VALIDATE_PRODUCT = YES;
			};
			name = Release;
		};
		A56696151CE8B34B00BD7EAF /* Debug */ = {
			isa = XCBuildConfiguration;
			buildSettings = {
				ASSETCATALOG_COMPILER_APPICON_NAME = AppIcon;
				CLANG_ENABLE_MODULES = YES;
				CODE_SIGN_IDENTITY = "iPhone Distribution";
				"CODE_SIGN_IDENTITY[sdk=iphoneos*]" = "iPhone Developer";
				DEVELOPMENT_TEAM = 4C8V97R8N3;
				ENABLE_BITCODE = NO;
				FRAMEWORK_SEARCH_PATHS = (
					"$(inherited)",
					"$(PROJECT_DIR)/gameface",
					"$(PROJECT_DIR)/GameFace",
				);
				GCC_PREPROCESSOR_DEFINITIONS = (
					DLIB_JPEG_SUPPORT,
					DLIB_NO_GUI_SUPPORT,
					NDEBUG,
					DLIB_USE_BLAS,
					DLIB_USE_LAPACK,
				);
				HEADER_SEARCH_PATHS = "$(SRCROOT)/gameface/lib";
				INFOPLIST_FILE = "$(SRCROOT)/GameFace/Info.plist";
				LD_RUNPATH_SEARCH_PATHS = "$(inherited) @executable_path/Frameworks";
				LIBRARY_SEARCH_PATHS = (
					"$(inherited)",
					"$(PROJECT_DIR)/gameface/lib",
				);
				PRODUCT_BUNDLE_IDENTIFIER = com.stan.gameface;
				PRODUCT_NAME = "$(TARGET_NAME)";
				SWIFT_OBJC_BRIDGING_HEADER = "gameface/gameface-Bridging-Header.h";
				SWIFT_OPTIMIZATION_LEVEL = "-Onone";
				SWIFT_VERSION = 2.3;
			};
			name = Debug;
		};
		A56696161CE8B34B00BD7EAF /* Release */ = {
			isa = XCBuildConfiguration;
			buildSettings = {
				ASSETCATALOG_COMPILER_APPICON_NAME = AppIcon;
				CLANG_ENABLE_MODULES = YES;
				CODE_SIGN_IDENTITY = "iPhone Distribution";
				"CODE_SIGN_IDENTITY[sdk=iphoneos*]" = "iPhone Developer";
				DEVELOPMENT_TEAM = 4C8V97R8N3;
				ENABLE_BITCODE = NO;
				FRAMEWORK_SEARCH_PATHS = (
					"$(inherited)",
					"$(PROJECT_DIR)/gameface",
					"$(PROJECT_DIR)/GameFace",
				);
				GCC_PREPROCESSOR_DEFINITIONS = (
					DLIB_JPEG_SUPPORT,
					DLIB_NO_GUI_SUPPORT,
					NDEBUG,
					DLIB_USE_BLAS,
					DLIB_USE_LAPACK,
				);
				HEADER_SEARCH_PATHS = "$(SRCROOT)/gameface/lib";
				INFOPLIST_FILE = "$(SRCROOT)/GameFace/Info.plist";
				LD_RUNPATH_SEARCH_PATHS = "$(inherited) @executable_path/Frameworks";
				LIBRARY_SEARCH_PATHS = (
					"$(inherited)",
					"$(PROJECT_DIR)/gameface/lib",
				);
				PRODUCT_BUNDLE_IDENTIFIER = com.stan.gameface;
				PRODUCT_NAME = "$(TARGET_NAME)";
				SWIFT_OBJC_BRIDGING_HEADER = "gameface/gameface-Bridging-Header.h";
				SWIFT_VERSION = 2.3;
			};
			name = Release;
		};
/* End XCBuildConfiguration section */

/* Begin XCConfigurationList section */
		A56695E71CE8B34B00BD7EAF /* Build configuration list for PBXProject "GameFace" */ = {
			isa = XCConfigurationList;
			buildConfigurations = (
				A56696121CE8B34B00BD7EAF /* Debug */,
				A56696131CE8B34B00BD7EAF /* Release */,
			);
			defaultConfigurationIsVisible = 0;
			defaultConfigurationName = Release;
		};
		A56696141CE8B34B00BD7EAF /* Build configuration list for PBXNativeTarget "GameFace" */ = {
			isa = XCConfigurationList;
			buildConfigurations = (
				A56696151CE8B34B00BD7EAF /* Debug */,
				A56696161CE8B34B00BD7EAF /* Release */,
			);
			defaultConfigurationIsVisible = 0;
			defaultConfigurationName = Release;
		};
/* End XCConfigurationList section */
	};
	rootObject = A56695E41CE8B34B00BD7EAF /* Project object */;
}
