// !$*UTF8*$!
{
	archiveVersion = 1;
	classes = {
	};
	objectVersion = 46;
	objects = {

/* Begin PBXBuildFile section */
		393627035FC7A3AE3D6EEF34 /* Pods_GameFace.framework in Frameworks */ = {isa = PBXBuildFile; fileRef = A7C0EC2400EA0312B03DA71B /* Pods_GameFace.framework */; };
		A56695F01CE8B34B00BD7EAF /* AppDelegate.swift in Sources */ = {isa = PBXBuildFile; fileRef = A56695EF1CE8B34B00BD7EAF /* AppDelegate.swift */; };
		A56695F71CE8B34B00BD7EAF /* Assets.xcassets in Resources */ = {isa = PBXBuildFile; fileRef = A56695F61CE8B34B00BD7EAF /* Assets.xcassets */; };
		A56695FA1CE8B34B00BD7EAF /* LaunchScreen.storyboard in Resources */ = {isa = PBXBuildFile; fileRef = A56695F81CE8B34B00BD7EAF /* LaunchScreen.storyboard */; };
		A566961E1CE8B4A100BD7EAF /* CameraHandler.swift in Sources */ = {isa = PBXBuildFile; fileRef = A566961D1CE8B4A100BD7EAF /* CameraHandler.swift */; };
		A5A1B2D41CEA35B300626AC5 /* libdlib.a in Frameworks */ = {isa = PBXBuildFile; fileRef = A5A1B2D31CEA35B300626AC5 /* libdlib.a */; };
		A5A1B2D61CEA41E200626AC5 /* Accelerate.framework in Frameworks */ = {isa = PBXBuildFile; fileRef = A5A1B2D51CEA41E200626AC5 /* Accelerate.framework */; };
		A5A1B2D81CEA431600626AC5 /* shape_predictor_68_face_landmarks.dat in Resources */ = {isa = PBXBuildFile; fileRef = A5A1B2D71CEA431600626AC5 /* shape_predictor_68_face_landmarks.dat */; };
		F614CDD41DAFFDAA0061F7FA /* Enums.swift in Sources */ = {isa = PBXBuildFile; fileRef = F614CDD31DAFFDAA0061F7FA /* Enums.swift */; };
		F61545401E56C0D400D91345 /* Drift.swift in Sources */ = {isa = PBXBuildFile; fileRef = F615453F1E56C0D400D91345 /* Drift.swift */; };
		F6339D921D590573006C4231 /* GameScene.swift in Sources */ = {isa = PBXBuildFile; fileRef = F6339D911D590573006C4231 /* GameScene.swift */; };
		F6339D941D590587006C4231 /* Randomizer.swift in Sources */ = {isa = PBXBuildFile; fileRef = F6339D931D590587006C4231 /* Randomizer.swift */; };
		F6339DA71D5905C5006C4231 /* candyEater.sks in Resources */ = {isa = PBXBuildFile; fileRef = F6339D9B1D5905C5006C4231 /* candyEater.sks */; };
		F63847B31DBFD27600C86015 /* Extensions.swift in Sources */ = {isa = PBXBuildFile; fileRef = F63847B21DBFD27600C86015 /* Extensions.swift */; };
		F63A29C11E56AB0500C05569 /* Segment.swift in Sources */ = {isa = PBXBuildFile; fileRef = F63A29C01E56AB0500C05569 /* Segment.swift */; };
		F63A29C31E56ACD900C05569 /* Constants.swift in Sources */ = {isa = PBXBuildFile; fileRef = F63A29C21E56ACD900C05569 /* Constants.swift */; };
		F63AD7411E24E0C300F583AD /* libjpeg.a in Frameworks */ = {isa = PBXBuildFile; fileRef = F63AD7401E24E0C300F583AD /* libjpeg.a */; };
		F63B9CAA1E119B8D0088A6FF /* mallick_lbpcascade_frontalface.xml in Resources */ = {isa = PBXBuildFile; fileRef = F63B9CA81E119B8D0088A6FF /* mallick_lbpcascade_frontalface.xml */; };
		F63B9CAB1E119B8D0088A6FF /* mallick_lbpcascade_profileface.xml in Resources */ = {isa = PBXBuildFile; fileRef = F63B9CA91E119B8D0088A6FF /* mallick_lbpcascade_profileface.xml */; };
		F63B9CAD1E119C870088A6FF /* mallick_haarcascade_frontalface_alt.xml in Resources */ = {isa = PBXBuildFile; fileRef = F63B9CAC1E119C870088A6FF /* mallick_haarcascade_frontalface_alt.xml */; };
		F63B9CAF1E119CA90088A6FF /* mallick_haarcascade_profileface.xml in Resources */ = {isa = PBXBuildFile; fileRef = F63B9CAE1E119CA90088A6FF /* mallick_haarcascade_profileface.xml */; };
		F63B9CB51E11AEDB0088A6FF /* KDCircularProgress.swift in Sources */ = {isa = PBXBuildFile; fileRef = F63B9CB41E11AEDB0088A6FF /* KDCircularProgress.swift */; };
		F63CE9411DBED65700582F22 /* PostGameView.swift in Sources */ = {isa = PBXBuildFile; fileRef = F63CE9401DBED65700582F22 /* PostGameView.swift */; };
		F64C2F391DADCFA7006E1021 /* opencv2.framework in Frameworks */ = {isa = PBXBuildFile; fileRef = F64C2F381DADCFA7006E1021 /* opencv2.framework */; };
		F64DCB0B1E3472DD00DF6746 /* head-obj.obj in Resources */ = {isa = PBXBuildFile; fileRef = F64DCB0A1E3472DD00DF6746 /* head-obj.obj */; };
		F669C0391DB15C3D001161E1 /* GameGallery.swift in Sources */ = {isa = PBXBuildFile; fileRef = F669C0381DB15C3D001161E1 /* GameGallery.swift */; };
		F669C03D1DB1698D001161E1 /* CustomCollectionViewCell.swift in Sources */ = {isa = PBXBuildFile; fileRef = F669C03B1DB1698D001161E1 /* CustomCollectionViewCell.swift */; };
		F6772BC01DB207AC00328961 /* DebugView.swift in Sources */ = {isa = PBXBuildFile; fileRef = F6772BBF1DB207AC00328961 /* DebugView.swift */; };
		F677E6381DCE8C2000D3A966 /* Tracker.swift in Sources */ = {isa = PBXBuildFile; fileRef = F677E6371DCE8C2000D3A966 /* Tracker.swift */; };
		F67954391DBE7AAA0075870B /* ImageAnimator.swift in Sources */ = {isa = PBXBuildFile; fileRef = F67954361DBE7AAA0075870B /* ImageAnimator.swift */; };
		F679543A1DBE7AAA0075870B /* RenderSettings.swift in Sources */ = {isa = PBXBuildFile; fileRef = F67954371DBE7AAA0075870B /* RenderSettings.swift */; };
		F679543B1DBE7AAA0075870B /* VideoWriter.swift in Sources */ = {isa = PBXBuildFile; fileRef = F67954381DBE7AAA0075870B /* VideoWriter.swift */; };
		F67EA26E1DB3DEE7006DE24B /* CVFImageProcessor.mm in Sources */ = {isa = PBXBuildFile; fileRef = F67EA26C1DB3DEE7006DE24B /* CVFImageProcessor.mm */; };
		F67EA2711DB3DF39006DE24B /* CVFFaceDetect.mm in Sources */ = {isa = PBXBuildFile; fileRef = F67EA2701DB3DF39006DE24B /* CVFFaceDetect.mm */; };
		F67EA2731DB3DFE0006DE24B /* haarcascade_frontalface_alt.xml in Resources */ = {isa = PBXBuildFile; fileRef = F67EA2721DB3DFE0006DE24B /* haarcascade_frontalface_alt.xml */; };
		F6ADFFAB1DBC667F001C7A06 /* explosion.sks in Resources */ = {isa = PBXBuildFile; fileRef = F6ADFFAA1DBC667F001C7A06 /* explosion.sks */; };
		F6B90FC81D6270FE00EC0338 /* GameManager.swift in Sources */ = {isa = PBXBuildFile; fileRef = F6B90FC71D6270FE00EC0338 /* GameManager.swift */; };
		F6C0A04E1DCFF60D003F00FA /* BCMeshBuffer.m in Sources */ = {isa = PBXBuildFile; fileRef = F6C0A03B1DCFF60D003F00FA /* BCMeshBuffer.m */; };
		F6C0A04F1DCFF60D003F00FA /* BCMeshContentView.m in Sources */ = {isa = PBXBuildFile; fileRef = F6C0A03D1DCFF60D003F00FA /* BCMeshContentView.m */; };
		F6C0A0501DCFF60D003F00FA /* BCMeshShader.fsh in Resources */ = {isa = PBXBuildFile; fileRef = F6C0A03E1DCFF60D003F00FA /* BCMeshShader.fsh */; };
		F6C0A0511DCFF60D003F00FA /* BCMeshShader.m in Sources */ = {isa = PBXBuildFile; fileRef = F6C0A0401DCFF60D003F00FA /* BCMeshShader.m */; };
		F6C0A0521DCFF60D003F00FA /* BCMeshShader.vsh in Resources */ = {isa = PBXBuildFile; fileRef = F6C0A0411DCFF60D003F00FA /* BCMeshShader.vsh */; };
		F6C0A0531DCFF60D003F00FA /* BCMeshTexture.m in Sources */ = {isa = PBXBuildFile; fileRef = F6C0A0431DCFF60D003F00FA /* BCMeshTexture.m */; };
		F6C0A0541DCFF60D003F00FA /* BCMeshTransform+Interpolation.m in Sources */ = {isa = PBXBuildFile; fileRef = F6C0A0451DCFF60D003F00FA /* BCMeshTransform+Interpolation.m */; };
		F6C0A0551DCFF60D003F00FA /* BCMeshTransform.mm in Sources */ = {isa = PBXBuildFile; fileRef = F6C0A0471DCFF60D003F00FA /* BCMeshTransform.mm */; };
		F6C0A0561DCFF60D003F00FA /* BCMeshTransformAnimation.m in Sources */ = {isa = PBXBuildFile; fileRef = F6C0A0491DCFF60D003F00FA /* BCMeshTransformAnimation.m */; };
		F6C0A0571DCFF60D003F00FA /* BCMeshTransformView.m in Sources */ = {isa = PBXBuildFile; fileRef = F6C0A04B1DCFF60D003F00FA /* BCMeshTransformView.m */; };
		F6C0A0581DCFF60D003F00FA /* BCMutableMeshTransform+Convenience.m in Sources */ = {isa = PBXBuildFile; fileRef = F6C0A04D1DCFF60D003F00FA /* BCMutableMeshTransform+Convenience.m */; };
		F6D2A8481E24DDEE00939B9F /* FaceDetectorAndTracker.cpp in Sources */ = {isa = PBXBuildFile; fileRef = F6D2A8461E24DDEE00939B9F /* FaceDetectorAndTracker.cpp */; };
		F6D2A8491E24DDEE00939B9F /* FaceSwapper.cpp in Sources */ = {isa = PBXBuildFile; fileRef = F6D2A8471E24DDEE00939B9F /* FaceSwapper.cpp */; };
		F6E540991E17156E00F78577 /* FaceTracker.cpp in Sources */ = {isa = PBXBuildFile; fileRef = F6E540981E17156E00F78577 /* FaceTracker.cpp */; };
		F6E540D51E18D16C00F78577 /* PowerUpView.swift in Sources */ = {isa = PBXBuildFile; fileRef = F6E540D41E18D16C00F78577 /* PowerUpView.swift */; };
		F6E540D71E18D24B00F78577 /* PowerUpManagerView.swift in Sources */ = {isa = PBXBuildFile; fileRef = F6E540D61E18D24B00F78577 /* PowerUpManagerView.swift */; };
/* End PBXBuildFile section */

/* Begin PBXFileReference section */
		92D76CF49D99910279F6366B /* Pods-GameFace.debug.xcconfig */ = {isa = PBXFileReference; includeInIndex = 1; lastKnownFileType = text.xcconfig; name = "Pods-GameFace.debug.xcconfig"; path = "Pods/Target Support Files/Pods-GameFace/Pods-GameFace.debug.xcconfig"; sourceTree = "<group>"; };
		95495BA4767592874C6B8893 /* Pods-GameFace.release.xcconfig */ = {isa = PBXFileReference; includeInIndex = 1; lastKnownFileType = text.xcconfig; name = "Pods-GameFace.release.xcconfig"; path = "Pods/Target Support Files/Pods-GameFace/Pods-GameFace.release.xcconfig"; sourceTree = "<group>"; };
		A56695EC1CE8B34B00BD7EAF /* GameFace.app */ = {isa = PBXFileReference; explicitFileType = wrapper.application; includeInIndex = 0; path = GameFace.app; sourceTree = BUILT_PRODUCTS_DIR; };
		A56695EF1CE8B34B00BD7EAF /* AppDelegate.swift */ = {isa = PBXFileReference; lastKnownFileType = sourcecode.swift; path = AppDelegate.swift; sourceTree = "<group>"; };
		A56695F61CE8B34B00BD7EAF /* Assets.xcassets */ = {isa = PBXFileReference; lastKnownFileType = folder.assetcatalog; path = Assets.xcassets; sourceTree = "<group>"; };
		A56695F91CE8B34B00BD7EAF /* Base */ = {isa = PBXFileReference; lastKnownFileType = file.storyboard; name = Base; path = Base.lproj/LaunchScreen.storyboard; sourceTree = "<group>"; };
		A56695FB1CE8B34B00BD7EAF /* Info.plist */ = {isa = PBXFileReference; lastKnownFileType = text.plist.xml; path = Info.plist; sourceTree = "<group>"; };
		A566961D1CE8B4A100BD7EAF /* CameraHandler.swift */ = {isa = PBXFileReference; fileEncoding = 4; lastKnownFileType = sourcecode.swift; path = CameraHandler.swift; sourceTree = "<group>"; };
		A5A1B2CF1CEA317B00626AC5 /* gameface-Bridging-Header.h */ = {isa = PBXFileReference; lastKnownFileType = sourcecode.c.h; path = "gameface-Bridging-Header.h"; sourceTree = "<group>"; };
		A5A1B2D31CEA35B300626AC5 /* libdlib.a */ = {isa = PBXFileReference; lastKnownFileType = archive.ar; name = libdlib.a; path = lib/libdlib.a; sourceTree = "<group>"; };
		A5A1B2D51CEA41E200626AC5 /* Accelerate.framework */ = {isa = PBXFileReference; lastKnownFileType = wrapper.framework; name = Accelerate.framework; path = System/Library/Frameworks/Accelerate.framework; sourceTree = SDKROOT; };
		A5A1B2D71CEA431600626AC5 /* shape_predictor_68_face_landmarks.dat */ = {isa = PBXFileReference; lastKnownFileType = file; name = shape_predictor_68_face_landmarks.dat; path = lib/shape_predictor_68_face_landmarks.dat; sourceTree = "<group>"; };
		A7C0EC2400EA0312B03DA71B /* Pods_GameFace.framework */ = {isa = PBXFileReference; explicitFileType = wrapper.framework; includeInIndex = 0; path = Pods_GameFace.framework; sourceTree = BUILT_PRODUCTS_DIR; };
		F614CDD31DAFFDAA0061F7FA /* Enums.swift */ = {isa = PBXFileReference; fileEncoding = 4; lastKnownFileType = sourcecode.swift; path = Enums.swift; sourceTree = "<group>"; };
		F615453F1E56C0D400D91345 /* Drift.swift */ = {isa = PBXFileReference; fileEncoding = 4; lastKnownFileType = sourcecode.swift; path = Drift.swift; sourceTree = "<group>"; };
		F6339D911D590573006C4231 /* GameScene.swift */ = {isa = PBXFileReference; fileEncoding = 4; lastKnownFileType = sourcecode.swift; path = GameScene.swift; sourceTree = "<group>"; };
		F6339D931D590587006C4231 /* Randomizer.swift */ = {isa = PBXFileReference; fileEncoding = 4; lastKnownFileType = sourcecode.swift; path = Randomizer.swift; sourceTree = "<group>"; };
		F6339D9B1D5905C5006C4231 /* candyEater.sks */ = {isa = PBXFileReference; lastKnownFileType = file.sks; path = candyEater.sks; sourceTree = "<group>"; };
		F63847B21DBFD27600C86015 /* Extensions.swift */ = {isa = PBXFileReference; fileEncoding = 4; lastKnownFileType = sourcecode.swift; path = Extensions.swift; sourceTree = "<group>"; };
		F63A29C01E56AB0500C05569 /* Segment.swift */ = {isa = PBXFileReference; fileEncoding = 4; lastKnownFileType = sourcecode.swift; path = Segment.swift; sourceTree = "<group>"; };
		F63A29C21E56ACD900C05569 /* Constants.swift */ = {isa = PBXFileReference; fileEncoding = 4; lastKnownFileType = sourcecode.swift; path = Constants.swift; sourceTree = "<group>"; };
		F63AD7401E24E0C300F583AD /* libjpeg.a */ = {isa = PBXFileReference; lastKnownFileType = archive.ar; path = libjpeg.a; sourceTree = "<group>"; };
		F63B9CA81E119B8D0088A6FF /* mallick_lbpcascade_frontalface.xml */ = {isa = PBXFileReference; fileEncoding = 4; lastKnownFileType = text.xml; path = mallick_lbpcascade_frontalface.xml; sourceTree = "<group>"; };
		F63B9CA91E119B8D0088A6FF /* mallick_lbpcascade_profileface.xml */ = {isa = PBXFileReference; fileEncoding = 4; lastKnownFileType = text.xml; path = mallick_lbpcascade_profileface.xml; sourceTree = "<group>"; };
		F63B9CAC1E119C870088A6FF /* mallick_haarcascade_frontalface_alt.xml */ = {isa = PBXFileReference; fileEncoding = 4; lastKnownFileType = text.xml; path = mallick_haarcascade_frontalface_alt.xml; sourceTree = "<group>"; };
		F63B9CAE1E119CA90088A6FF /* mallick_haarcascade_profileface.xml */ = {isa = PBXFileReference; fileEncoding = 4; lastKnownFileType = text.xml; path = mallick_haarcascade_profileface.xml; sourceTree = "<group>"; };
		F63B9CB41E11AEDB0088A6FF /* KDCircularProgress.swift */ = {isa = PBXFileReference; fileEncoding = 4; lastKnownFileType = sourcecode.swift; path = KDCircularProgress.swift; sourceTree = "<group>"; };
		F63CE9401DBED65700582F22 /* PostGameView.swift */ = {isa = PBXFileReference; fileEncoding = 4; lastKnownFileType = sourcecode.swift; path = PostGameView.swift; sourceTree = "<group>"; };
		F64C2F381DADCFA7006E1021 /* opencv2.framework */ = {isa = PBXFileReference; lastKnownFileType = wrapper.framework; path = opencv2.framework; sourceTree = "<group>"; };
		F64DCB0A1E3472DD00DF6746 /* head-obj.obj */ = {isa = PBXFileReference; fileEncoding = 4; lastKnownFileType = text; path = "head-obj.obj"; sourceTree = "<group>"; };
		F669C0381DB15C3D001161E1 /* GameGallery.swift */ = {isa = PBXFileReference; fileEncoding = 4; lastKnownFileType = sourcecode.swift; path = GameGallery.swift; sourceTree = "<group>"; };
		F669C03B1DB1698D001161E1 /* CustomCollectionViewCell.swift */ = {isa = PBXFileReference; fileEncoding = 4; lastKnownFileType = sourcecode.swift; path = CustomCollectionViewCell.swift; sourceTree = "<group>"; };
		F6772BBF1DB207AC00328961 /* DebugView.swift */ = {isa = PBXFileReference; fileEncoding = 4; lastKnownFileType = sourcecode.swift; path = DebugView.swift; sourceTree = "<group>"; };
		F677E6371DCE8C2000D3A966 /* Tracker.swift */ = {isa = PBXFileReference; fileEncoding = 4; lastKnownFileType = sourcecode.swift; path = Tracker.swift; sourceTree = "<group>"; };
		F67954361DBE7AAA0075870B /* ImageAnimator.swift */ = {isa = PBXFileReference; fileEncoding = 4; lastKnownFileType = sourcecode.swift; path = ImageAnimator.swift; sourceTree = "<group>"; };
		F67954371DBE7AAA0075870B /* RenderSettings.swift */ = {isa = PBXFileReference; fileEncoding = 4; lastKnownFileType = sourcecode.swift; path = RenderSettings.swift; sourceTree = "<group>"; };
		F67954381DBE7AAA0075870B /* VideoWriter.swift */ = {isa = PBXFileReference; fileEncoding = 4; lastKnownFileType = sourcecode.swift; path = VideoWriter.swift; sourceTree = "<group>"; };
		F67EA26B1DB3DEE7006DE24B /* CVFImageProcessor.h */ = {isa = PBXFileReference; fileEncoding = 4; lastKnownFileType = sourcecode.c.h; path = CVFImageProcessor.h; sourceTree = "<group>"; };
		F67EA26C1DB3DEE7006DE24B /* CVFImageProcessor.mm */ = {isa = PBXFileReference; fileEncoding = 4; lastKnownFileType = sourcecode.cpp.objcpp; path = CVFImageProcessor.mm; sourceTree = "<group>"; };
		F67EA26D1DB3DEE7006DE24B /* CVFImageProcessorDelegate.h */ = {isa = PBXFileReference; fileEncoding = 4; lastKnownFileType = sourcecode.c.h; path = CVFImageProcessorDelegate.h; sourceTree = "<group>"; };
		F67EA26F1DB3DF39006DE24B /* CVFFaceDetect.h */ = {isa = PBXFileReference; fileEncoding = 4; lastKnownFileType = sourcecode.c.h; path = CVFFaceDetect.h; sourceTree = "<group>"; };
		F67EA2701DB3DF39006DE24B /* CVFFaceDetect.mm */ = {isa = PBXFileReference; fileEncoding = 4; lastKnownFileType = sourcecode.cpp.objcpp; path = CVFFaceDetect.mm; sourceTree = "<group>"; };
		F67EA2721DB3DFE0006DE24B /* haarcascade_frontalface_alt.xml */ = {isa = PBXFileReference; fileEncoding = 4; lastKnownFileType = text.xml; path = haarcascade_frontalface_alt.xml; sourceTree = "<group>"; };
		F6ADFFAA1DBC667F001C7A06 /* explosion.sks */ = {isa = PBXFileReference; lastKnownFileType = file.sks; path = explosion.sks; sourceTree = "<group>"; };
		F6B90FC71D6270FE00EC0338 /* GameManager.swift */ = {isa = PBXFileReference; fileEncoding = 4; lastKnownFileType = sourcecode.swift; path = GameManager.swift; sourceTree = "<group>"; };
		F6C0A03A1DCFF60D003F00FA /* BCMeshBuffer.h */ = {isa = PBXFileReference; fileEncoding = 4; lastKnownFileType = sourcecode.c.h; path = BCMeshBuffer.h; sourceTree = "<group>"; };
		F6C0A03B1DCFF60D003F00FA /* BCMeshBuffer.m */ = {isa = PBXFileReference; fileEncoding = 4; lastKnownFileType = sourcecode.c.objc; path = BCMeshBuffer.m; sourceTree = "<group>"; };
		F6C0A03C1DCFF60D003F00FA /* BCMeshContentView.h */ = {isa = PBXFileReference; fileEncoding = 4; lastKnownFileType = sourcecode.c.h; path = BCMeshContentView.h; sourceTree = "<group>"; };
		F6C0A03D1DCFF60D003F00FA /* BCMeshContentView.m */ = {isa = PBXFileReference; fileEncoding = 4; lastKnownFileType = sourcecode.c.objc; path = BCMeshContentView.m; sourceTree = "<group>"; };
		F6C0A03E1DCFF60D003F00FA /* BCMeshShader.fsh */ = {isa = PBXFileReference; fileEncoding = 4; lastKnownFileType = sourcecode.glsl; path = BCMeshShader.fsh; sourceTree = "<group>"; };
		F6C0A03F1DCFF60D003F00FA /* BCMeshShader.h */ = {isa = PBXFileReference; fileEncoding = 4; lastKnownFileType = sourcecode.c.h; path = BCMeshShader.h; sourceTree = "<group>"; };
		F6C0A0401DCFF60D003F00FA /* BCMeshShader.m */ = {isa = PBXFileReference; fileEncoding = 4; lastKnownFileType = sourcecode.c.objc; path = BCMeshShader.m; sourceTree = "<group>"; };
		F6C0A0411DCFF60D003F00FA /* BCMeshShader.vsh */ = {isa = PBXFileReference; fileEncoding = 4; lastKnownFileType = sourcecode.glsl; path = BCMeshShader.vsh; sourceTree = "<group>"; };
		F6C0A0421DCFF60D003F00FA /* BCMeshTexture.h */ = {isa = PBXFileReference; fileEncoding = 4; lastKnownFileType = sourcecode.c.h; path = BCMeshTexture.h; sourceTree = "<group>"; };
		F6C0A0431DCFF60D003F00FA /* BCMeshTexture.m */ = {isa = PBXFileReference; fileEncoding = 4; lastKnownFileType = sourcecode.c.objc; path = BCMeshTexture.m; sourceTree = "<group>"; };
		F6C0A0441DCFF60D003F00FA /* BCMeshTransform+Interpolation.h */ = {isa = PBXFileReference; fileEncoding = 4; lastKnownFileType = sourcecode.c.h; path = "BCMeshTransform+Interpolation.h"; sourceTree = "<group>"; };
		F6C0A0451DCFF60D003F00FA /* BCMeshTransform+Interpolation.m */ = {isa = PBXFileReference; fileEncoding = 4; lastKnownFileType = sourcecode.c.objc; path = "BCMeshTransform+Interpolation.m"; sourceTree = "<group>"; };
		F6C0A0461DCFF60D003F00FA /* BCMeshTransform.h */ = {isa = PBXFileReference; fileEncoding = 4; lastKnownFileType = sourcecode.c.h; path = BCMeshTransform.h; sourceTree = "<group>"; };
		F6C0A0471DCFF60D003F00FA /* BCMeshTransform.mm */ = {isa = PBXFileReference; fileEncoding = 4; lastKnownFileType = sourcecode.cpp.objcpp; path = BCMeshTransform.mm; sourceTree = "<group>"; };
		F6C0A0481DCFF60D003F00FA /* BCMeshTransformAnimation.h */ = {isa = PBXFileReference; fileEncoding = 4; lastKnownFileType = sourcecode.c.h; path = BCMeshTransformAnimation.h; sourceTree = "<group>"; };
		F6C0A0491DCFF60D003F00FA /* BCMeshTransformAnimation.m */ = {isa = PBXFileReference; fileEncoding = 4; lastKnownFileType = sourcecode.c.objc; path = BCMeshTransformAnimation.m; sourceTree = "<group>"; };
		F6C0A04A1DCFF60D003F00FA /* BCMeshTransformView.h */ = {isa = PBXFileReference; fileEncoding = 4; lastKnownFileType = sourcecode.c.h; path = BCMeshTransformView.h; sourceTree = "<group>"; };
		F6C0A04B1DCFF60D003F00FA /* BCMeshTransformView.m */ = {isa = PBXFileReference; fileEncoding = 4; lastKnownFileType = sourcecode.c.objc; path = BCMeshTransformView.m; sourceTree = "<group>"; };
		F6C0A04C1DCFF60D003F00FA /* BCMutableMeshTransform+Convenience.h */ = {isa = PBXFileReference; fileEncoding = 4; lastKnownFileType = sourcecode.c.h; path = "BCMutableMeshTransform+Convenience.h"; sourceTree = "<group>"; };
		F6C0A04D1DCFF60D003F00FA /* BCMutableMeshTransform+Convenience.m */ = {isa = PBXFileReference; fileEncoding = 4; lastKnownFileType = sourcecode.c.objc; path = "BCMutableMeshTransform+Convenience.m"; sourceTree = "<group>"; };
		F6D2A8441E24DDEE00939B9F /* FaceDetectorAndTracker.h */ = {isa = PBXFileReference; fileEncoding = 4; lastKnownFileType = sourcecode.c.h; path = FaceDetectorAndTracker.h; sourceTree = "<group>"; };
		F6D2A8451E24DDEE00939B9F /* FaceSwapper.h */ = {isa = PBXFileReference; fileEncoding = 4; lastKnownFileType = sourcecode.c.h; path = FaceSwapper.h; sourceTree = "<group>"; };
		F6D2A8461E24DDEE00939B9F /* FaceDetectorAndTracker.cpp */ = {isa = PBXFileReference; fileEncoding = 4; lastKnownFileType = sourcecode.cpp.cpp; path = FaceDetectorAndTracker.cpp; sourceTree = "<group>"; };
		F6D2A8471E24DDEE00939B9F /* FaceSwapper.cpp */ = {isa = PBXFileReference; fileEncoding = 4; lastKnownFileType = sourcecode.cpp.cpp; path = FaceSwapper.cpp; sourceTree = "<group>"; };
		F6E540971E17156E00F78577 /* FaceTracker.h */ = {isa = PBXFileReference; fileEncoding = 4; lastKnownFileType = sourcecode.c.h; path = FaceTracker.h; sourceTree = "<group>"; };
		F6E540981E17156E00F78577 /* FaceTracker.cpp */ = {isa = PBXFileReference; fileEncoding = 4; lastKnownFileType = sourcecode.cpp.cpp; path = FaceTracker.cpp; sourceTree = "<group>"; };
		F6E540D41E18D16C00F78577 /* PowerUpView.swift */ = {isa = PBXFileReference; fileEncoding = 4; lastKnownFileType = sourcecode.swift; path = PowerUpView.swift; sourceTree = "<group>"; };
		F6E540D61E18D24B00F78577 /* PowerUpManagerView.swift */ = {isa = PBXFileReference; fileEncoding = 4; lastKnownFileType = sourcecode.swift; path = PowerUpManagerView.swift; sourceTree = "<group>"; };
/* End PBXFileReference section */

/* Begin PBXFrameworksBuildPhase section */
		A56695E91CE8B34B00BD7EAF /* Frameworks */ = {
			isa = PBXFrameworksBuildPhase;
			buildActionMask = 2147483647;
			files = (
				F64C2F391DADCFA7006E1021 /* opencv2.framework in Frameworks */,
				F63AD7411E24E0C300F583AD /* libjpeg.a in Frameworks */,
				A5A1B2D61CEA41E200626AC5 /* Accelerate.framework in Frameworks */,
				A5A1B2D41CEA35B300626AC5 /* libdlib.a in Frameworks */,
				393627035FC7A3AE3D6EEF34 /* Pods_GameFace.framework in Frameworks */,
			);
			runOnlyForDeploymentPostprocessing = 0;
		};
/* End PBXFrameworksBuildPhase section */

/* Begin PBXGroup section */
		A56695E31CE8B34B00BD7EAF = {
			isa = PBXGroup;
			children = (
				A56695EE1CE8B34B00BD7EAF /* GameFace */,
				A56695ED1CE8B34B00BD7EAF /* Products */,
				F0292C506AD5ED307CC7E7B2 /* Pods */,
				E8AC3D7EBE863EE7AB4522B0 /* Frameworks */,
			);
			sourceTree = "<group>";
		};
		A56695ED1CE8B34B00BD7EAF /* Products */ = {
			isa = PBXGroup;
			children = (
				A56695EC1CE8B34B00BD7EAF /* GameFace.app */,
			);
			name = Products;
			sourceTree = "<group>";
		};
		A56695EE1CE8B34B00BD7EAF /* GameFace */ = {
			isa = PBXGroup;
			children = (
				F6C0A0391DCFF60D003F00FA /* BCMeshTransformView */,
				F6223B951DCD3E45007892C5 /* Analytics */,
				F6339DB31D5914C8006C4231 /* facialRec */,
				F67D513B1DC187330018501C /* Helpers */,
				F669C03E1DB16994001161E1 /* collectionView */,
				F6339D951D5905A0006C4231 /* Game Code */,
				F679543C1DBE7AB00075870B /* Image To Video */,
				F67D513C1DC18FE90018501C /* Supporting Files */,
			);
			path = GameFace;
			sourceTree = "<group>";
		};
		E8AC3D7EBE863EE7AB4522B0 /* Frameworks */ = {
			isa = PBXGroup;
			children = (
				A7C0EC2400EA0312B03DA71B /* Pods_GameFace.framework */,
			);
			name = Frameworks;
			sourceTree = "<group>";
		};
		F0292C506AD5ED307CC7E7B2 /* Pods */ = {
			isa = PBXGroup;
			children = (
				92D76CF49D99910279F6366B /* Pods-GameFace.debug.xcconfig */,
				95495BA4767592874C6B8893 /* Pods-GameFace.release.xcconfig */,
			);
			name = Pods;
			sourceTree = "<group>";
		};
		F60507361DBFE2A900D1A8EA /* Datasets */ = {
			isa = PBXGroup;
			children = (
				F63B9CA81E119B8D0088A6FF /* mallick_lbpcascade_frontalface.xml */,
				F63B9CA91E119B8D0088A6FF /* mallick_lbpcascade_profileface.xml */,
				F63B9CAE1E119CA90088A6FF /* mallick_haarcascade_profileface.xml */,
				F63B9CAC1E119C870088A6FF /* mallick_haarcascade_frontalface_alt.xml */,
				A5A1B2D71CEA431600626AC5 /* shape_predictor_68_face_landmarks.dat */,
				F67EA2721DB3DFE0006DE24B /* haarcascade_frontalface_alt.xml */,
			);
			name = Datasets;
			sourceTree = "<group>";
		};
		F60507371DBFE2B200D1A8EA /* Frameworks */ = {
			isa = PBXGroup;
			children = (
				A5A1B2D31CEA35B300626AC5 /* libdlib.a */,
				F63AD7401E24E0C300F583AD /* libjpeg.a */,
				F64C2F381DADCFA7006E1021 /* opencv2.framework */,
				A5A1B2D51CEA41E200626AC5 /* Accelerate.framework */,
			);
			name = Frameworks;
			sourceTree = "<group>";
		};
		F6223B951DCD3E45007892C5 /* Analytics */ = {
			isa = PBXGroup;
			children = (
				F677E6371DCE8C2000D3A966 /* Tracker.swift */,
				F615453F1E56C0D400D91345 /* Drift.swift */,
				F63A29C01E56AB0500C05569 /* Segment.swift */,
			);
			name = Analytics;
			sourceTree = "<group>";
		};
		F6339D951D5905A0006C4231 /* Game Code */ = {
			isa = PBXGroup;
			children = (
				F6772BBF1DB207AC00328961 /* DebugView.swift */,
				F6B90FC71D6270FE00EC0338 /* GameManager.swift */,
				F6339D911D590573006C4231 /* GameScene.swift */,
			);
			name = "Game Code";
			sourceTree = "<group>";
		};
		F6339DB01D5905CE006C4231 /* Animation */ = {
			isa = PBXGroup;
			children = (
				F6ADFFAA1DBC667F001C7A06 /* explosion.sks */,
				F6339D9B1D5905C5006C4231 /* candyEater.sks */,
			);
			name = Animation;
			sourceTree = "<group>";
		};
		F6339DB31D5914C8006C4231 /* facialRec */ = {
			isa = PBXGroup;
			children = (
				A566961D1CE8B4A100BD7EAF /* CameraHandler.swift */,
				F60507361DBFE2A900D1A8EA /* Datasets */,
				F60507371DBFE2B200D1A8EA /* Frameworks */,
				F649D6361E077CDE005AD765 /* FaceTracker */,
				F67EA2661DB3DDF2006DE24B /* engine */,
			);
			name = facialRec;
			sourceTree = "<group>";
		};
		F649D6361E077CDE005AD765 /* FaceTracker */ = {
			isa = PBXGroup;
			children = (
				F6E540971E17156E00F78577 /* FaceTracker.h */,
				F6E540981E17156E00F78577 /* FaceTracker.cpp */,
				F6D2A8441E24DDEE00939B9F /* FaceDetectorAndTracker.h */,
				F6D2A8451E24DDEE00939B9F /* FaceSwapper.h */,
				F6D2A8461E24DDEE00939B9F /* FaceDetectorAndTracker.cpp */,
				F6D2A8471E24DDEE00939B9F /* FaceSwapper.cpp */,
			);
			name = FaceTracker;
			sourceTree = "<group>";
		};
		F669C03E1DB16994001161E1 /* collectionView */ = {
			isa = PBXGroup;
			children = (
				F669C03B1DB1698D001161E1 /* CustomCollectionViewCell.swift */,
				F669C0381DB15C3D001161E1 /* GameGallery.swift */,
				F6E540D41E18D16C00F78577 /* PowerUpView.swift */,
				F6E540D61E18D24B00F78577 /* PowerUpManagerView.swift */,
				F63CE9401DBED65700582F22 /* PostGameView.swift */,
			);
			name = collectionView;
			sourceTree = "<group>";
		};
		F679543C1DBE7AB00075870B /* Image To Video */ = {
			isa = PBXGroup;
			children = (
				F67954361DBE7AAA0075870B /* ImageAnimator.swift */,
				F67954371DBE7AAA0075870B /* RenderSettings.swift */,
				F67954381DBE7AAA0075870B /* VideoWriter.swift */,
			);
			name = "Image To Video";
			sourceTree = "<group>";
		};
		F67D513B1DC187330018501C /* Helpers */ = {
			isa = PBXGroup;
			children = (
				F614CDD31DAFFDAA0061F7FA /* Enums.swift */,
				F63847B21DBFD27600C86015 /* Extensions.swift */,
				F6339D931D590587006C4231 /* Randomizer.swift */,
				F63B9CB41E11AEDB0088A6FF /* KDCircularProgress.swift */,
			);
			name = Helpers;
			sourceTree = "<group>";
		};
		F67D513C1DC18FE90018501C /* Supporting Files */ = {
			isa = PBXGroup;
			children = (
				A56695EF1CE8B34B00BD7EAF /* AppDelegate.swift */,
				F63A29C21E56ACD900C05569 /* Constants.swift */,
				A56695F81CE8B34B00BD7EAF /* LaunchScreen.storyboard */,
				A56695F61CE8B34B00BD7EAF /* Assets.xcassets */,
				F64DCB0A1E3472DD00DF6746 /* head-obj.obj */,
				A56695FB1CE8B34B00BD7EAF /* Info.plist */,
				A5A1B2CF1CEA317B00626AC5 /* gameface-Bridging-Header.h */,
				F6339DB01D5905CE006C4231 /* Animation */,
			);
			name = "Supporting Files";
			sourceTree = "<group>";
		};
		F67EA2661DB3DDF2006DE24B /* engine */ = {
			isa = PBXGroup;
			children = (
				F67EA26B1DB3DEE7006DE24B /* CVFImageProcessor.h */,
				F67EA26C1DB3DEE7006DE24B /* CVFImageProcessor.mm */,
				F67EA26D1DB3DEE7006DE24B /* CVFImageProcessorDelegate.h */,
				F67EA26F1DB3DF39006DE24B /* CVFFaceDetect.h */,
				F67EA2701DB3DF39006DE24B /* CVFFaceDetect.mm */,
			);
			name = engine;
			sourceTree = "<group>";
		};
		F6C0A0391DCFF60D003F00FA /* BCMeshTransformView */ = {
			isa = PBXGroup;
			children = (
				F6C0A03A1DCFF60D003F00FA /* BCMeshBuffer.h */,
				F6C0A03B1DCFF60D003F00FA /* BCMeshBuffer.m */,
				F6C0A03C1DCFF60D003F00FA /* BCMeshContentView.h */,
				F6C0A03D1DCFF60D003F00FA /* BCMeshContentView.m */,
				F6C0A03E1DCFF60D003F00FA /* BCMeshShader.fsh */,
				F6C0A03F1DCFF60D003F00FA /* BCMeshShader.h */,
				F6C0A0401DCFF60D003F00FA /* BCMeshShader.m */,
				F6C0A0411DCFF60D003F00FA /* BCMeshShader.vsh */,
				F6C0A0421DCFF60D003F00FA /* BCMeshTexture.h */,
				F6C0A0431DCFF60D003F00FA /* BCMeshTexture.m */,
				F6C0A0441DCFF60D003F00FA /* BCMeshTransform+Interpolation.h */,
				F6C0A0451DCFF60D003F00FA /* BCMeshTransform+Interpolation.m */,
				F6C0A0461DCFF60D003F00FA /* BCMeshTransform.h */,
				F6C0A0471DCFF60D003F00FA /* BCMeshTransform.mm */,
				F6C0A0481DCFF60D003F00FA /* BCMeshTransformAnimation.h */,
				F6C0A0491DCFF60D003F00FA /* BCMeshTransformAnimation.m */,
				F6C0A04A1DCFF60D003F00FA /* BCMeshTransformView.h */,
				F6C0A04B1DCFF60D003F00FA /* BCMeshTransformView.m */,
				F6C0A04C1DCFF60D003F00FA /* BCMutableMeshTransform+Convenience.h */,
				F6C0A04D1DCFF60D003F00FA /* BCMutableMeshTransform+Convenience.m */,
			);
			path = BCMeshTransformView;
			sourceTree = "<group>";
		};
/* End PBXGroup section */

/* Begin PBXNativeTarget section */
		A56695EB1CE8B34B00BD7EAF /* GameFace */ = {
			isa = PBXNativeTarget;
			buildConfigurationList = A56696141CE8B34B00BD7EAF /* Build configuration list for PBXNativeTarget "GameFace" */;
			buildPhases = (
				70F1297AF3DBBA7568B7B546 /* [CP] Check Pods Manifest.lock */,
				A56695E81CE8B34B00BD7EAF /* Sources */,
				A56695E91CE8B34B00BD7EAF /* Frameworks */,
				A56695EA1CE8B34B00BD7EAF /* Resources */,
				4B36B4EF00F6F2078332EDB1 /* [CP] Embed Pods Frameworks */,
				E65BB4EA96F1886B6C91B4C1 /* [CP] Copy Pods Resources */,
			);
			buildRules = (
			);
			dependencies = (
			);
			name = GameFace;
			productName = DisplayLiveSamples;
			productReference = A56695EC1CE8B34B00BD7EAF /* GameFace.app */;
			productType = "com.apple.product-type.application";
		};
/* End PBXNativeTarget section */

/* Begin PBXProject section */
		A56695E41CE8B34B00BD7EAF /* Project object */ = {
			isa = PBXProject;
			attributes = {
				LastSwiftUpdateCheck = 0730;
				LastUpgradeCheck = 0800;
				ORGANIZATIONNAME = "Stanley Chiang";
				TargetAttributes = {
					A56695EB1CE8B34B00BD7EAF = {
						CreatedOnToolsVersion = 7.3.1;
						DevelopmentTeam = 4C8V97R8N3;
						LastSwiftMigration = 0810;
						ProvisioningStyle = Automatic;
					};
				};
			};
			buildConfigurationList = A56695E71CE8B34B00BD7EAF /* Build configuration list for PBXProject "GameFace" */;
			compatibilityVersion = "Xcode 3.2";
			developmentRegion = English;
			hasScannedForEncodings = 0;
			knownRegions = (
				en,
				Base,
			);
			mainGroup = A56695E31CE8B34B00BD7EAF;
			productRefGroup = A56695ED1CE8B34B00BD7EAF /* Products */;
			projectDirPath = "";
			projectRoot = "";
			targets = (
				A56695EB1CE8B34B00BD7EAF /* GameFace */,
			);
		};
/* End PBXProject section */

/* Begin PBXResourcesBuildPhase section */
		A56695EA1CE8B34B00BD7EAF /* Resources */ = {
			isa = PBXResourcesBuildPhase;
			buildActionMask = 2147483647;
			files = (
				F6C0A0521DCFF60D003F00FA /* BCMeshShader.vsh in Resources */,
				A56695FA1CE8B34B00BD7EAF /* LaunchScreen.storyboard in Resources */,
				F6339DA71D5905C5006C4231 /* candyEater.sks in Resources */,
				A56695F71CE8B34B00BD7EAF /* Assets.xcassets in Resources */,
				F6ADFFAB1DBC667F001C7A06 /* explosion.sks in Resources */,
				F63B9CAA1E119B8D0088A6FF /* mallick_lbpcascade_frontalface.xml in Resources */,
				F63B9CAD1E119C870088A6FF /* mallick_haarcascade_frontalface_alt.xml in Resources */,
				F67EA2731DB3DFE0006DE24B /* haarcascade_frontalface_alt.xml in Resources */,
				F6C0A0501DCFF60D003F00FA /* BCMeshShader.fsh in Resources */,
				F64DCB0B1E3472DD00DF6746 /* head-obj.obj in Resources */,
				F63B9CAF1E119CA90088A6FF /* mallick_haarcascade_profileface.xml in Resources */,
				F63B9CAB1E119B8D0088A6FF /* mallick_lbpcascade_profileface.xml in Resources */,
				A5A1B2D81CEA431600626AC5 /* shape_predictor_68_face_landmarks.dat in Resources */,
			);
			runOnlyForDeploymentPostprocessing = 0;
		};
/* End PBXResourcesBuildPhase section */

/* Begin PBXShellScriptBuildPhase section */
		4B36B4EF00F6F2078332EDB1 /* [CP] Embed Pods Frameworks */ = {
			isa = PBXShellScriptBuildPhase;
			buildActionMask = 2147483647;
			files = (
			);
			inputPaths = (
			);
			name = "[CP] Embed Pods Frameworks";
			outputPaths = (
			);
			runOnlyForDeploymentPostprocessing = 0;
			shellPath = /bin/sh;
			shellScript = "\"${SRCROOT}/Pods/Target Support Files/Pods-GameFace/Pods-GameFace-frameworks.sh\"\n";
			showEnvVarsInLog = 0;
		};
		70F1297AF3DBBA7568B7B546 /* [CP] Check Pods Manifest.lock */ = {
			isa = PBXShellScriptBuildPhase;
			buildActionMask = 2147483647;
			files = (
			);
			inputPaths = (
			);
			name = "[CP] Check Pods Manifest.lock";
			outputPaths = (
			);
			runOnlyForDeploymentPostprocessing = 0;
			shellPath = /bin/sh;
			shellScript = "diff \"${PODS_ROOT}/../Podfile.lock\" \"${PODS_ROOT}/Manifest.lock\" > /dev/null\nif [ $? != 0 ] ; then\n    # print error to STDERR\n    echo \"error: The sandbox is not in sync with the Podfile.lock. Run 'pod install' or update your CocoaPods installation.\" >&2\n    exit 1\nfi\n";
			showEnvVarsInLog = 0;
		};
		E65BB4EA96F1886B6C91B4C1 /* [CP] Copy Pods Resources */ = {
			isa = PBXShellScriptBuildPhase;
			buildActionMask = 2147483647;
			files = (
			);
			inputPaths = (
			);
			name = "[CP] Copy Pods Resources";
			outputPaths = (
			);
			runOnlyForDeploymentPostprocessing = 0;
			shellPath = /bin/sh;
			shellScript = "\"${SRCROOT}/Pods/Target Support Files/Pods-GameFace/Pods-GameFace-resources.sh\"\n";
			showEnvVarsInLog = 0;
		};
/* End PBXShellScriptBuildPhase section */

/* Begin PBXSourcesBuildPhase section */
		A56695E81CE8B34B00BD7EAF /* Sources */ = {
			isa = PBXSourcesBuildPhase;
			buildActionMask = 2147483647;
			files = (
				F679543A1DBE7AAA0075870B /* RenderSettings.swift in Sources */,
				F63A29C31E56ACD900C05569 /* Constants.swift in Sources */,
				F6E540991E17156E00F78577 /* FaceTracker.cpp in Sources */,
				F6E540D71E18D24B00F78577 /* PowerUpManagerView.swift in Sources */,
				F63B9CB51E11AEDB0088A6FF /* KDCircularProgress.swift in Sources */,
				F67EA2711DB3DF39006DE24B /* CVFFaceDetect.mm in Sources */,
				F6D2A8481E24DDEE00939B9F /* FaceDetectorAndTracker.cpp in Sources */,
				F6772BC01DB207AC00328961 /* DebugView.swift in Sources */,
				F6C0A0541DCFF60D003F00FA /* BCMeshTransform+Interpolation.m in Sources */,
				F6339D921D590573006C4231 /* GameScene.swift in Sources */,
				F6B90FC81D6270FE00EC0338 /* GameManager.swift in Sources */,
				F63CE9411DBED65700582F22 /* PostGameView.swift in Sources */,
				F63847B31DBFD27600C86015 /* Extensions.swift in Sources */,
				F6C0A0571DCFF60D003F00FA /* BCMeshTransformView.m in Sources */,
				F6D2A8491E24DDEE00939B9F /* FaceSwapper.cpp in Sources */,
				F679543B1DBE7AAA0075870B /* VideoWriter.swift in Sources */,
				F6C0A0551DCFF60D003F00FA /* BCMeshTransform.mm in Sources */,
				F63A29C11E56AB0500C05569 /* Segment.swift in Sources */,
				F6C0A0561DCFF60D003F00FA /* BCMeshTransformAnimation.m in Sources */,
				A566961E1CE8B4A100BD7EAF /* CameraHandler.swift in Sources */,
				F614CDD41DAFFDAA0061F7FA /* Enums.swift in Sources */,
				F669C03D1DB1698D001161E1 /* CustomCollectionViewCell.swift in Sources */,
				F677E6381DCE8C2000D3A966 /* Tracker.swift in Sources */,
				F6C0A0511DCFF60D003F00FA /* BCMeshShader.m in Sources */,
				F6C0A0581DCFF60D003F00FA /* BCMutableMeshTransform+Convenience.m in Sources */,
				F67EA26E1DB3DEE7006DE24B /* CVFImageProcessor.mm in Sources */,
				F67954391DBE7AAA0075870B /* ImageAnimator.swift in Sources */,
				F6C0A0531DCFF60D003F00FA /* BCMeshTexture.m in Sources */,
				F61545401E56C0D400D91345 /* Drift.swift in Sources */,
				A56695F01CE8B34B00BD7EAF /* AppDelegate.swift in Sources */,
				F669C0391DB15C3D001161E1 /* GameGallery.swift in Sources */,
				F6E540D51E18D16C00F78577 /* PowerUpView.swift in Sources */,
				F6339D941D590587006C4231 /* Randomizer.swift in Sources */,
				F6C0A04E1DCFF60D003F00FA /* BCMeshBuffer.m in Sources */,
				F6C0A04F1DCFF60D003F00FA /* BCMeshContentView.m in Sources */,
			);
			runOnlyForDeploymentPostprocessing = 0;
		};
/* End PBXSourcesBuildPhase section */

/* Begin PBXVariantGroup section */
		A56695F81CE8B34B00BD7EAF /* LaunchScreen.storyboard */ = {
			isa = PBXVariantGroup;
			children = (
				A56695F91CE8B34B00BD7EAF /* Base */,
			);
			name = LaunchScreen.storyboard;
			sourceTree = "<group>";
		};
/* End PBXVariantGroup section */

/* Begin XCBuildConfiguration section */
		A56696121CE8B34B00BD7EAF /* Debug */ = {
			isa = XCBuildConfiguration;
			buildSettings = {
				ALWAYS_SEARCH_USER_PATHS = NO;
				CLANG_ANALYZER_NONNULL = YES;
				CLANG_CXX_LANGUAGE_STANDARD = "gnu++0x";
				CLANG_CXX_LIBRARY = "libc++";
				CLANG_ENABLE_MODULES = YES;
				CLANG_ENABLE_OBJC_ARC = YES;
				CLANG_WARN_BOOL_CONVERSION = YES;
				CLANG_WARN_CONSTANT_CONVERSION = YES;
				CLANG_WARN_DIRECT_OBJC_ISA_USAGE = YES_ERROR;
				CLANG_WARN_EMPTY_BODY = YES;
				CLANG_WARN_ENUM_CONVERSION = YES;
				CLANG_WARN_INFINITE_RECURSION = YES;
				CLANG_WARN_INT_CONVERSION = YES;
				CLANG_WARN_OBJC_ROOT_CLASS = YES_ERROR;
				CLANG_WARN_SUSPICIOUS_MOVE = YES;
				CLANG_WARN_UNREACHABLE_CODE = YES;
				CLANG_WARN__DUPLICATE_METHOD_MATCH = YES;
				"CODE_SIGN_IDENTITY[sdk=iphoneos*]" = "iPhone Developer";
				COPY_PHASE_STRIP = NO;
				DEBUG_INFORMATION_FORMAT = dwarf;
				ENABLE_STRICT_OBJC_MSGSEND = YES;
				ENABLE_TESTABILITY = YES;
				GCC_C_LANGUAGE_STANDARD = gnu99;
				GCC_DYNAMIC_NO_PIC = NO;
				GCC_NO_COMMON_BLOCKS = YES;
				GCC_OPTIMIZATION_LEVEL = 0;
				GCC_PREPROCESSOR_DEFINITIONS = (
					"DEBUG=1",
					"$(inherited)",
				);
				GCC_WARN_64_TO_32_BIT_CONVERSION = YES;
				GCC_WARN_ABOUT_RETURN_TYPE = YES_ERROR;
				GCC_WARN_UNDECLARED_SELECTOR = YES;
				GCC_WARN_UNINITIALIZED_AUTOS = YES_AGGRESSIVE;
				GCC_WARN_UNUSED_FUNCTION = YES;
				GCC_WARN_UNUSED_VARIABLE = YES;
				IPHONEOS_DEPLOYMENT_TARGET = 9.3;
				MTL_ENABLE_DEBUG_INFO = YES;
				ONLY_ACTIVE_ARCH = YES;
				SDKROOT = iphoneos;
				SWIFT_OPTIMIZATION_LEVEL = "-Onone";
				TARGETED_DEVICE_FAMILY = "1,2";
			};
			name = Debug;
		};
		A56696131CE8B34B00BD7EAF /* Release */ = {
			isa = XCBuildConfiguration;
			buildSettings = {
				ALWAYS_SEARCH_USER_PATHS = NO;
				CLANG_ANALYZER_NONNULL = YES;
				CLANG_CXX_LANGUAGE_STANDARD = "gnu++0x";
				CLANG_CXX_LIBRARY = "libc++";
				CLANG_ENABLE_MODULES = YES;
				CLANG_ENABLE_OBJC_ARC = YES;
				CLANG_WARN_BOOL_CONVERSION = YES;
				CLANG_WARN_CONSTANT_CONVERSION = YES;
				CLANG_WARN_DIRECT_OBJC_ISA_USAGE = YES_ERROR;
				CLANG_WARN_EMPTY_BODY = YES;
				CLANG_WARN_ENUM_CONVERSION = YES;
				CLANG_WARN_INFINITE_RECURSION = YES;
				CLANG_WARN_INT_CONVERSION = YES;
				CLANG_WARN_OBJC_ROOT_CLASS = YES_ERROR;
				CLANG_WARN_SUSPICIOUS_MOVE = YES;
				CLANG_WARN_UNREACHABLE_CODE = YES;
				CLANG_WARN__DUPLICATE_METHOD_MATCH = YES;
				"CODE_SIGN_IDENTITY[sdk=iphoneos*]" = "iPhone Developer";
				COPY_PHASE_STRIP = NO;
				DEBUG_INFORMATION_FORMAT = "dwarf-with-dsym";
				ENABLE_NS_ASSERTIONS = NO;
				ENABLE_STRICT_OBJC_MSGSEND = YES;
				GCC_C_LANGUAGE_STANDARD = gnu99;
				GCC_NO_COMMON_BLOCKS = YES;
				GCC_WARN_64_TO_32_BIT_CONVERSION = YES;
				GCC_WARN_ABOUT_RETURN_TYPE = YES_ERROR;
				GCC_WARN_UNDECLARED_SELECTOR = YES;
				GCC_WARN_UNINITIALIZED_AUTOS = YES_AGGRESSIVE;
				GCC_WARN_UNUSED_FUNCTION = YES;
				GCC_WARN_UNUSED_VARIABLE = YES;
				IPHONEOS_DEPLOYMENT_TARGET = 9.3;
				MTL_ENABLE_DEBUG_INFO = NO;
				SDKROOT = iphoneos;
				SWIFT_OPTIMIZATION_LEVEL = "-Owholemodule";
				TARGETED_DEVICE_FAMILY = "1,2";
				VALIDATE_PRODUCT = YES;
			};
			name = Release;
		};
		A56696151CE8B34B00BD7EAF /* Debug */ = {
			isa = XCBuildConfiguration;
			baseConfigurationReference = 92D76CF49D99910279F6366B /* Pods-GameFace.debug.xcconfig */;
			buildSettings = {
				ASSETCATALOG_COMPILER_APPICON_NAME = AppIcon;
				CLANG_CXX_LANGUAGE_STANDARD = "c++14";
				CLANG_ENABLE_MODULES = YES;
				CODE_SIGN_IDENTITY = "iPhone Distribution";
				"CODE_SIGN_IDENTITY[sdk=iphoneos*]" = "iPhone Developer";
				DEVELOPMENT_TEAM = 4C8V97R8N3;
				ENABLE_BITCODE = NO;
				FRAMEWORK_SEARCH_PATHS = (
					"$(inherited)",
					"$(PROJECT_DIR)/gameface",
					"$(PROJECT_DIR)/GameFace",
				);
				GCC_PREPROCESSOR_DEFINITIONS = (
					DLIB_JPEG_SUPPORT,
					DLIB_NO_GUI_SUPPORT,
					NDEBUG,
					DLIB_USE_BLAS,
					DLIB_USE_LAPACK,
				);
				HEADER_SEARCH_PATHS = "$(SRCROOT)/gameface/lib";
				INFOPLIST_FILE = "$(SRCROOT)/GameFace/Info.plist";
				IPHONEOS_DEPLOYMENT_TARGET = 10.0;
				LD_RUNPATH_SEARCH_PATHS = "$(inherited) @executable_path/Frameworks";
				LIBRARY_SEARCH_PATHS = (
					"$(inherited)",
					"$(PROJECT_DIR)/gameface/lib",
					"$(PROJECT_DIR)/GameFace",
				);
				PRODUCT_BUNDLE_IDENTIFIER = com.stan.gameface;
				PRODUCT_NAME = "$(TARGET_NAME)";
				SWIFT_OBJC_BRIDGING_HEADER = "gameface/gameface-Bridging-Header.h";
				SWIFT_OPTIMIZATION_LEVEL = "-Onone";
				SWIFT_VERSION = 3.0;
				TARGETED_DEVICE_FAMILY = "1,2";
			};
			name = Debug;
		};
		A56696161CE8B34B00BD7EAF /* Release */ = {
			isa = XCBuildConfiguration;
			baseConfigurationReference = 95495BA4767592874C6B8893 /* Pods-GameFace.release.xcconfig */;
			buildSettings = {
				ASSETCATALOG_COMPILER_APPICON_NAME = AppIcon;
				CLANG_CXX_LANGUAGE_STANDARD = "c++14";
				CLANG_ENABLE_MODULES = YES;
				CODE_SIGN_IDENTITY = "iPhone Distribution";
				"CODE_SIGN_IDENTITY[sdk=iphoneos*]" = "iPhone Developer";
				DEVELOPMENT_TEAM = 4C8V97R8N3;
				ENABLE_BITCODE = NO;
				FRAMEWORK_SEARCH_PATHS = (
					"$(inherited)",
					"$(PROJECT_DIR)/gameface",
					"$(PROJECT_DIR)/GameFace",
				);
				GCC_PREPROCESSOR_DEFINITIONS = (
					DLIB_JPEG_SUPPORT,
					DLIB_NO_GUI_SUPPORT,
					NDEBUG,
					DLIB_USE_BLAS,
					DLIB_USE_LAPACK,
				);
				HEADER_SEARCH_PATHS = "$(SRCROOT)/gameface/lib";
				INFOPLIST_FILE = "$(SRCROOT)/GameFace/Info.plist";
				IPHONEOS_DEPLOYMENT_TARGET = 10.0;
				LD_RUNPATH_SEARCH_PATHS = "$(inherited) @executable_path/Frameworks";
				LIBRARY_SEARCH_PATHS = (
					"$(inherited)",
					"$(PROJECT_DIR)/gameface/lib",
					"$(PROJECT_DIR)/GameFace",
				);
				PRODUCT_BUNDLE_IDENTIFIER = com.stan.gameface;
				PRODUCT_NAME = "$(TARGET_NAME)";
				SWIFT_OBJC_BRIDGING_HEADER = "gameface/gameface-Bridging-Header.h";
				SWIFT_VERSION = 3.0;
				TARGETED_DEVICE_FAMILY = "1,2";
			};
			name = Release;
		};
/* End XCBuildConfiguration section */

/* Begin XCConfigurationList section */
		A56695E71CE8B34B00BD7EAF /* Build configuration list for PBXProject "GameFace" */ = {
			isa = XCConfigurationList;
			buildConfigurations = (
				A56696121CE8B34B00BD7EAF /* Debug */,
				A56696131CE8B34B00BD7EAF /* Release */,
			);
			defaultConfigurationIsVisible = 0;
			defaultConfigurationName = Release;
		};
		A56696141CE8B34B00BD7EAF /* Build configuration list for PBXNativeTarget "GameFace" */ = {
			isa = XCConfigurationList;
			buildConfigurations = (
				A56696151CE8B34B00BD7EAF /* Debug */,
				A56696161CE8B34B00BD7EAF /* Release */,
			);
			defaultConfigurationIsVisible = 0;
			defaultConfigurationName = Release;
		};
/* End XCConfigurationList section */
	};
	rootObject = A56695E41CE8B34B00BD7EAF /* Project object */;
}
